
Microsoft Visual Studio Solution File, Format Version 12.00
# Visual Studio Version 17
VisualStudioVersion = 17.5.33516.290
MinimumVisualStudioVersion = 10.0.40219.1
Project("{FAE04EC0-301F-11D3-BF4B-00C04F79EFBC}") = "Bark", "Bark.csproj", "{B56C18B8-903A-48E6-8B4D-180C4628B0D3}"
EndProject
Global
	GlobalSection(SolutionConfigurationPlatforms) = preSolution
		Debug|Any CPU = Debug|Any CPU
		Release|Any CPU = Release|Any CPU
	EndGlobalSection
	GlobalSection(ProjectConfigurationPlatforms) = postSolution
		{B56C18B8-903A-48E6-8B4D-180C4628B0D3}.Debug|Any CPU.ActiveCfg = Debug|Any CPU
		{B56C18B8-903A-48E6-8B4D-180C4628B0D3}.Debug|Any CPU.Build.0 = Debug|Any CPU
		{B56C18B8-903A-48E6-8B4D-180C4628B0D3}.Release|Any CPU.ActiveCfg = Release|Any CPU
		{B56C18B8-903A-48E6-8B4D-180C4628B0D3}.Release|Any CPU.Build.0 = Release|Any CPU
	EndGlobalSection
	GlobalSection(SolutionProperties) = preSolution
		HideSolutionNode = FALSE
	EndGlobalSection
	GlobalSection(ExtensibilityGlobals) = postSolution
		SolutionGuid = {33FE0058-569D-423D-B719-4E682F75B5C0}
	EndGlobalSection
EndGlobal
